// !$*UTF8*$!
{
	archiveVersion = 1;
	classes = {
	};
	objectVersion = 46;
	objects = {

/* Begin PBXBuildFile section */
		685F0079CA340C26904FFD21 /* PXConstantExpression.m in Sources */ = {isa = PBXBuildFile; fileRef = 685F0EF5816CB2FAB3590E15 /* PXConstantExpression.m */; };
		685F00C82E922FD656BB7DBC /* PXAssignmentExpressionView.m in Sources */ = {isa = PBXBuildFile; fileRef = 685F061F43F118A687AAD379 /* PXAssignmentExpressionView.m */; };
		685F010A2C98B2C347CBDB0A /* PXParser.m in Sources */ = {isa = PBXBuildFile; fileRef = 685F07151E98409E1E835274 /* PXParser.m */; };
		685F013BFC87A10355847631 /* PXDefaultBuiltins.m in Sources */ = {isa = PBXBuildFile; fileRef = 685F0279E5CA8800CCCC8185 /* PXDefaultBuiltins.m */; };
		685F0157B42DE4C922DE79FF /* PXContinuation.m in Sources */ = {isa = PBXBuildFile; fileRef = 685F09378EEF8B72750A22DD /* PXContinuation.m */; };
		685F0167C03BD5E049BCC3B2 /* PXIdentifierExpressionView.m in Sources */ = {isa = PBXBuildFile; fileRef = 685F033AEF3574D443203BF7 /* PXIdentifierExpressionView.m */; };
		685F01AE183FB9C202858D8F /* NSArray+PXArrayExtensions.m in Sources */ = {isa = PBXBuildFile; fileRef = 685F0C5FF68F07639AE7A6B7 /* NSArray+PXArrayExtensions.m */; };
		685F01E6CA60878AE7B2BD62 /* PXWhileExpression.m in Sources */ = {isa = PBXBuildFile; fileRef = 685F0089F844973946296189 /* PXWhileExpression.m */; };
		685F021C8F42642B8E1D5852 /* PXTaskProvider.m in Sources */ = {isa = PBXBuildFile; fileRef = 685F00EFD99037F86F1D8206 /* PXTaskProvider.m */; };
		685F022AC6E0A7E7C9536CAC /* PXExecutionResult.m in Sources */ = {isa = PBXBuildFile; fileRef = 685F0EB6253564D7EB63DB66 /* PXExecutionResult.m */; };
		685F026BD8C743A999BB0607 /* AppDelegate.m in Sources */ = {isa = PBXBuildFile; fileRef = 685F0D5FA5D5372E3A20B4F1 /* AppDelegate.m */; };
		685F0287F8DA8A6B43123F78 /* PXTaskPane.m in Sources */ = {isa = PBXBuildFile; fileRef = 685F004B50425F661069161D /* PXTaskPane.m */; };
		685F0295A54062257D32E9C6 /* PXTaskGroupView.m in Sources */ = {isa = PBXBuildFile; fileRef = 685F03EDA8DAACA1C651236F /* PXTaskGroupView.m */; };
		685F02D669B3490C4ABBA021 /* PXConstantExpression.m in Sources */ = {isa = PBXBuildFile; fileRef = 685F0EF5816CB2FAB3590E15 /* PXConstantExpression.m */; };
		685F0300BFC6ADFCEAEB94F0 /* PXTaskPane.m in Sources */ = {isa = PBXBuildFile; fileRef = 685F004B50425F661069161D /* PXTaskPane.m */; };
		685F03380A12E60B73E0EE28 /* PXIdentifierExpression.m in Sources */ = {isa = PBXBuildFile; fileRef = 685F09BFF12BC41F8D8ED904 /* PXIdentifierExpression.m */; };
		685F03F1C2B8FADCA7933DD8 /* PXParser.m in Sources */ = {isa = PBXBuildFile; fileRef = 685F07151E98409E1E835274 /* PXParser.m */; };
		685F03F1CCB7BA985079CD87 /* PXTaskGroup.m in Sources */ = {isa = PBXBuildFile; fileRef = 685F04F1104D97D32A5A6C78 /* PXTaskGroup.m */; };
		685F0403F87A5081A5047B3D /* PXTestTaskGroup.m in Sources */ = {isa = PBXBuildFile; fileRef = 685F0332212859137D10CD9E /* PXTestTaskGroup.m */; };
		685F044377ABF16E5E386965 /* PXConstantExpressionView.m in Sources */ = {isa = PBXBuildFile; fileRef = 685F07BFECB8D73B5EC62CCF /* PXConstantExpressionView.m */; };
		685F0444AC8E1CCB3E357C54 /* PXFunction.m in Sources */ = {isa = PBXBuildFile; fileRef = 685F085F06978EBA312BB30D /* PXFunction.m */; };
		685F047123BA30976C499155 /* PXDebugContext.m in Sources */ = {isa = PBXBuildFile; fileRef = 685F0E12DF6F954EF78FFBD0 /* PXDebugContext.m */; };
		685F047CD9AA0A972C6F97F1 /* PXTaskGroup.m in Sources */ = {isa = PBXBuildFile; fileRef = 685F04F1104D97D32A5A6C78 /* PXTaskGroup.m */; };
		685F048BA7CE96F0D46AAF5F /* UIColor+PXColor.m in Sources */ = {isa = PBXBuildFile; fileRef = 685F0A8990FFF5C53B5D96B9 /* UIColor+PXColor.m */; };
		685F04B85E5AA1AEBC2486C1 /* PXFailureInfo.m in Sources */ = {isa = PBXBuildFile; fileRef = 685F061047292D6F781F69D5 /* PXFailureInfo.m */; };
		685F04E5A4211AAB112EBF57 /* PXExpression.m in Sources */ = {isa = PBXBuildFile; fileRef = 685F02B1F25E6EB449F187F0 /* PXExpression.m */; };
		685F04FE35E539DA109666CC /* PXTaskGroupView.m in Sources */ = {isa = PBXBuildFile; fileRef = 685F03EDA8DAACA1C651236F /* PXTaskGroupView.m */; };
		685F05326C412F0BF7663A79 /* PXTaskProvider.m in Sources */ = {isa = PBXBuildFile; fileRef = 685F00EFD99037F86F1D8206 /* PXTaskProvider.m */; };
		685F054D61E0F38AF4B832E5 /* PXCallExpression.m in Sources */ = {isa = PBXBuildFile; fileRef = 685F0AD61B024516A9ADBAC4 /* PXCallExpression.m */; };
		685F05643683AB1607208C14 /* PXAssignmentExpressionView.m in Sources */ = {isa = PBXBuildFile; fileRef = 685F061F43F118A687AAD379 /* PXAssignmentExpressionView.m */; };
		685F064EFB4E7869D9887E67 /* PXHoleView.m in Sources */ = {isa = PBXBuildFile; fileRef = 685F075477D0261EE6FBCC74 /* PXHoleView.m */; };
		685F06A93D879BD1A8C1F07B /* PXWhileExpressionView.m in Sources */ = {isa = PBXBuildFile; fileRef = 685F00B35AB9FFC38C27FE97 /* PXWhileExpressionView.m */; };
		685F06AF7506C7C130DE4153 /* PXExecutionContext.m in Sources */ = {isa = PBXBuildFile; fileRef = 685F0ABF29CF37E04AD997A6 /* PXExecutionContext.m */; };
		685F06EF9ABDACA7D0CDA092 /* PXExpressionView.m in Sources */ = {isa = PBXBuildFile; fileRef = 685F03596E6EF304C858EAD9 /* PXExpressionView.m */; };
		685F06F1CE4909B339DB7E31 /* PXExpression.m in Sources */ = {isa = PBXBuildFile; fileRef = 685F02B1F25E6EB449F187F0 /* PXExpression.m */; };
		685F07440F6393FDA6D0B729 /* PXBuiltin.m in Sources */ = {isa = PBXBuildFile; fileRef = 685F0572F0A1C56A1A09C721 /* PXBuiltin.m */; };
		685F075FDFEF36544C3FD1CF /* PXArgument.m in Sources */ = {isa = PBXBuildFile; fileRef = 685F05BD437C33606F2C8E0E /* PXArgument.m */; };
		685F0786CF3B6EE1BBF69A8B /* PXBuiltin.m in Sources */ = {isa = PBXBuildFile; fileRef = 685F0572F0A1C56A1A09C721 /* PXBuiltin.m */; };
		685F079B3C63F445F9C11FED /* praxis.bnf in Resources */ = {isa = PBXBuildFile; fileRef = 685F0F23AF844A3AFFACE75D /* praxis.bnf */; };
		685F07A55380988CC25784AD /* PXCallExpression.m in Sources */ = {isa = PBXBuildFile; fileRef = 685F0AD61B024516A9ADBAC4 /* PXCallExpression.m */; };
		685F07B19746B8B4A0741AD5 /* PXDebugContext.m in Sources */ = {isa = PBXBuildFile; fileRef = 685F0E12DF6F954EF78FFBD0 /* PXDebugContext.m */; };
		685F08040F8A84EBC4FF3BE7 /* PXFunction.m in Sources */ = {isa = PBXBuildFile; fileRef = 685F085F06978EBA312BB30D /* PXFunction.m */; };
		685F08143E2FA8AC62B14CEA /* PXWhileExpression.m in Sources */ = {isa = PBXBuildFile; fileRef = 685F0089F844973946296189 /* PXWhileExpression.m */; };
		685F085926DD2847C9387121 /* PXExpression+PXExpressionHelpers.m in Sources */ = {isa = PBXBuildFile; fileRef = 685F09941A524F6B38FB1414 /* PXExpression+PXExpressionHelpers.m */; };
		685F087C0402CC099F4F2365 /* PXConditionalExpression.m in Sources */ = {isa = PBXBuildFile; fileRef = 685F054846D7805194F396DB /* PXConditionalExpression.m */; };
		685F088DC8DD790F6C14EFCA /* PXWhileExpressionView.m in Sources */ = {isa = PBXBuildFile; fileRef = 685F00B35AB9FFC38C27FE97 /* PXWhileExpressionView.m */; };
		685F089BDBE504655B1D0599 /* UIColor+PXColor.m in Sources */ = {isa = PBXBuildFile; fileRef = 685F0A8990FFF5C53B5D96B9 /* UIColor+PXColor.m */; };
		685F08FC8595EBAF21F87257 /* PXExpression+PXExpressionHelpers.m in Sources */ = {isa = PBXBuildFile; fileRef = 685F09941A524F6B38FB1414 /* PXExpression+PXExpressionHelpers.m */; };
		685F091E1580B028EB5D5824 /* PXEditCodeViewController.m in Sources */ = {isa = PBXBuildFile; fileRef = 685F0274A105D3EDE204C26C /* PXEditCodeViewController.m */; };
		685F0930217BB29E42D734EB /* PXIdentifierExpression.m in Sources */ = {isa = PBXBuildFile; fileRef = 685F09BFF12BC41F8D8ED904 /* PXIdentifierExpression.m */; };
		685F09583AA462A23AC45002 /* PXCodeEditor.m in Sources */ = {isa = PBXBuildFile; fileRef = 685F09722DD0BA4EF8178CB4 /* PXCodeEditor.m */; };
		685F096D5EAF982567BD4245 /* Images.xcassets in Resources */ = {isa = PBXBuildFile; fileRef = 685F0FC5B29D58DE9A82B4FB /* Images.xcassets */; };
		685F09A3A52FF7FD1F9A27C4 /* PXAssignmentExpression.m in Sources */ = {isa = PBXBuildFile; fileRef = 685F032436A143C7EFCCF285 /* PXAssignmentExpression.m */; };
		685F09DAEA00E23D316B3637 /* PXFailureInfo.m in Sources */ = {isa = PBXBuildFile; fileRef = 685F061047292D6F781F69D5 /* PXFailureInfo.m */; };
		685F0A0F6E1D7B8DAA2C2801 /* praxis.bnf in Resources */ = {isa = PBXBuildFile; fileRef = 685F0F23AF844A3AFFACE75D /* praxis.bnf */; };
		685F0A14649EB926002E365F /* main.m in Sources */ = {isa = PBXBuildFile; fileRef = 685F0EA565CAA1B202F8EBB5 /* main.m */; };
		685F0A755E32B856269A677E /* PXExpressionView.m in Sources */ = {isa = PBXBuildFile; fileRef = 685F03596E6EF304C858EAD9 /* PXExpressionView.m */; };
		685F0A9029AF118758576451 /* PXCompoundExpressionView.m in Sources */ = {isa = PBXBuildFile; fileRef = 685F050539130AF66F448BC6 /* PXCompoundExpressionView.m */; };
		685F0ADBFF1945AC0257B242 /* PXHole.m in Sources */ = {isa = PBXBuildFile; fileRef = 685F08D931C2711737206CAA /* PXHole.m */; };
		685F0B255273482D6248E508 /* PXHole.m in Sources */ = {isa = PBXBuildFile; fileRef = 685F08D931C2711737206CAA /* PXHole.m */; };
		685F0B2F8764D56414A1D213 /* PXTestTaskGroup.m in Sources */ = {isa = PBXBuildFile; fileRef = 685F0332212859137D10CD9E /* PXTestTaskGroup.m */; };
		685F0B38BC7B5481884C2519 /* PXHoleView.m in Sources */ = {isa = PBXBuildFile; fileRef = 685F075477D0261EE6FBCC74 /* PXHoleView.m */; };
		685F0B5FAFE62EA521D5BF3F /* PXCompoundExpression.m in Sources */ = {isa = PBXBuildFile; fileRef = 685F081D777F7A6DBB3C4196 /* PXCompoundExpression.m */; };
		685F0B6FCF5EA324ACE8219B /* PXDefaultBuiltins.m in Sources */ = {isa = PBXBuildFile; fileRef = 685F0279E5CA8800CCCC8185 /* PXDefaultBuiltins.m */; };
		685F0BABE474FE9FD6D6747F /* PXCompoundExpressionView.m in Sources */ = {isa = PBXBuildFile; fileRef = 685F050539130AF66F448BC6 /* PXCompoundExpressionView.m */; };
		685F0BDAAFE3C69F88C675E1 /* NSArray+PXArrayExtensions.m in Sources */ = {isa = PBXBuildFile; fileRef = 685F0C5FF68F07639AE7A6B7 /* NSArray+PXArrayExtensions.m */; };
		685F0BE6CD106AF52DAD2DD0 /* LanguageTests.m in Sources */ = {isa = PBXBuildFile; fileRef = 685F029A2CF575EC0F27E60C /* LanguageTests.m */; };
		685F0BFF0EC834A4C20D0BFE /* PXExecutionResult.m in Sources */ = {isa = PBXBuildFile; fileRef = 685F0EB6253564D7EB63DB66 /* PXExecutionResult.m */; };
		685F0C0161DDF20C77FF3B2F /* PXContinuation.m in Sources */ = {isa = PBXBuildFile; fileRef = 685F09378EEF8B72750A22DD /* PXContinuation.m */; };
		685F0C4514760500E81DC982 /* PXIdentifierExpressionView.m in Sources */ = {isa = PBXBuildFile; fileRef = 685F033AEF3574D443203BF7 /* PXIdentifierExpressionView.m */; };
		685F0CEA54FB9B26305E2FFE /* LaunchScreen.xib in Resources */ = {isa = PBXBuildFile; fileRef = 685F0CBE3D7B7EEB1806D230 /* LaunchScreen.xib */; };
		685F0D26575A6422AF87BD0D /* PXValue.m in Sources */ = {isa = PBXBuildFile; fileRef = 685F055960E6F824FD228D2C /* PXValue.m */; };
		685F0D2DF49924F10703B091 /* PXConditionalExpression.m in Sources */ = {isa = PBXBuildFile; fileRef = 685F054846D7805194F396DB /* PXConditionalExpression.m */; };
		685F0E235528A21F6470774F /* PXValue.m in Sources */ = {isa = PBXBuildFile; fileRef = 685F055960E6F824FD228D2C /* PXValue.m */; };
		685F0E89D63A383A5679B58E /* PXExecutionContext.m in Sources */ = {isa = PBXBuildFile; fileRef = 685F0ABF29CF37E04AD997A6 /* PXExecutionContext.m */; };
		685F0EA45017239FEF6229AE /* PXCompoundExpression.m in Sources */ = {isa = PBXBuildFile; fileRef = 685F081D777F7A6DBB3C4196 /* PXCompoundExpression.m */; };
		685F0EAAEA1D31F1E3DABEE7 /* PXArgument.m in Sources */ = {isa = PBXBuildFile; fileRef = 685F05BD437C33606F2C8E0E /* PXArgument.m */; };
		685F0F19FA8662E3600ABD43 /* PXCodeEditor.m in Sources */ = {isa = PBXBuildFile; fileRef = 685F09722DD0BA4EF8178CB4 /* PXCodeEditor.m */; };
		685F0F5EBF0A307C9A253427 /* PXAssignmentExpression.m in Sources */ = {isa = PBXBuildFile; fileRef = 685F032436A143C7EFCCF285 /* PXAssignmentExpression.m */; };
		685F0FC7888E975E80AAFE30 /* PXConstantExpressionView.m in Sources */ = {isa = PBXBuildFile; fileRef = 685F07BFECB8D73B5EC62CCF /* PXConstantExpressionView.m */; };
		6F919BB25B3B3DDDBE7C67D5 /* libPods-PraxisTests.a in Frameworks */ = {isa = PBXBuildFile; fileRef = 0AA7A2F4B042B699BE551332 /* libPods-PraxisTests.a */; };
		76E1ECA7B2569B719E077ED6 /* libPods.a in Frameworks */ = {isa = PBXBuildFile; fileRef = 4342049A1E275082BA484C2A /* libPods.a */; };
		849A554DCA4CBEAB57B2236F /* libPods-Praxis.a in Frameworks */ = {isa = PBXBuildFile; fileRef = 7C1912A6BA05FFCFE27FBB07 /* libPods-Praxis.a */; };
/* End PBXBuildFile section */

/* Begin PBXContainerItemProxy section */
		685F087F855F088ED7F0CD58 /* PBXContainerItemProxy */ = {
			isa = PBXContainerItemProxy;
			containerPortal = 685F002780202AD035BEB56D /* Project object */;
			proxyType = 1;
			remoteGlobalIDString = 685F02E269A377EA5FFB9D47;
			remoteInfo = Praxis;
		};
/* End PBXContainerItemProxy section */

/* Begin PBXFileReference section */
		0AA7A2F4B042B699BE551332 /* libPods-PraxisTests.a */ = {isa = PBXFileReference; explicitFileType = archive.ar; includeInIndex = 0; path = "libPods-PraxisTests.a"; sourceTree = BUILT_PRODUCTS_DIR; };
		0D20F231894F9B3FA19DB150 /* Pods-PraxisTests.release.xcconfig */ = {isa = PBXFileReference; includeInIndex = 1; lastKnownFileType = text.xcconfig; name = "Pods-PraxisTests.release.xcconfig"; path = "Pods/Target Support Files/Pods-PraxisTests/Pods-PraxisTests.release.xcconfig"; sourceTree = "<group>"; };
		4342049A1E275082BA484C2A /* libPods.a */ = {isa = PBXFileReference; explicitFileType = archive.ar; includeInIndex = 0; path = libPods.a; sourceTree = BUILT_PRODUCTS_DIR; };
		43B5DE3EA647984EDE71F4F7 /* Pods-PraxisTests.debug.xcconfig */ = {isa = PBXFileReference; includeInIndex = 1; lastKnownFileType = text.xcconfig; name = "Pods-PraxisTests.debug.xcconfig"; path = "Pods/Target Support Files/Pods-PraxisTests/Pods-PraxisTests.debug.xcconfig"; sourceTree = "<group>"; };
		4AC0A2786ADC51368A00ABAE /* Pods-Praxis.debug.xcconfig */ = {isa = PBXFileReference; includeInIndex = 1; lastKnownFileType = text.xcconfig; name = "Pods-Praxis.debug.xcconfig"; path = "Pods/Target Support Files/Pods-Praxis/Pods-Praxis.debug.xcconfig"; sourceTree = "<group>"; };
		5D3FE94F75A8D861A87A83F3 /* Pods.debug.xcconfig */ = {isa = PBXFileReference; includeInIndex = 1; lastKnownFileType = text.xcconfig; name = Pods.debug.xcconfig; path = "Pods/Target Support Files/Pods/Pods.debug.xcconfig"; sourceTree = "<group>"; };
		685F00068A6CAFD0E3F886D0 /* PraxisTests.xctest */ = {isa = PBXFileReference; explicitFileType = wrapper.cfbundle; includeInIndex = 0; path = PraxisTests.xctest; sourceTree = BUILT_PRODUCTS_DIR; };
		685F0027A35A5DDC039F5FD5 /* PXArgument.h */ = {isa = PBXFileReference; fileEncoding = 4; lastKnownFileType = sourcecode.c.h; path = PXArgument.h; sourceTree = "<group>"; };
		685F003A712C18A00627F942 /* PXExpressionView.h */ = {isa = PBXFileReference; fileEncoding = 4; lastKnownFileType = sourcecode.c.h; path = PXExpressionView.h; sourceTree = "<group>"; };
		685F004A5E2AEF8989723C0C /* PXTestTaskGroup.h */ = {isa = PBXFileReference; fileEncoding = 4; lastKnownFileType = sourcecode.c.h; path = PXTestTaskGroup.h; sourceTree = "<group>"; };
		685F004B50425F661069161D /* PXTaskPane.m */ = {isa = PBXFileReference; fileEncoding = 4; lastKnownFileType = sourcecode.c.objc; path = PXTaskPane.m; sourceTree = "<group>"; };
		685F008808F1B35C8298D7BE /* PXExpression.h */ = {isa = PBXFileReference; fileEncoding = 4; lastKnownFileType = sourcecode.c.h; path = PXExpression.h; sourceTree = "<group>"; };
		685F0089F844973946296189 /* PXWhileExpression.m */ = {isa = PBXFileReference; fileEncoding = 4; lastKnownFileType = sourcecode.c.objc; path = PXWhileExpression.m; sourceTree = "<group>"; };
		685F00B35AB9FFC38C27FE97 /* PXWhileExpressionView.m */ = {isa = PBXFileReference; fileEncoding = 4; lastKnownFileType = sourcecode.c.objc; path = PXWhileExpressionView.m; sourceTree = "<group>"; };
		685F00C1E7744316AA47FFE5 /* Common.h */ = {isa = PBXFileReference; fileEncoding = 4; lastKnownFileType = sourcecode.c.h; path = Common.h; sourceTree = "<group>"; };
		685F00EFD99037F86F1D8206 /* PXTaskProvider.m */ = {isa = PBXFileReference; fileEncoding = 4; lastKnownFileType = sourcecode.c.objc; path = PXTaskProvider.m; sourceTree = "<group>"; };
		685F01D8F1EF2273BC0BA406 /* PXExpressionType.h */ = {isa = PBXFileReference; fileEncoding = 4; lastKnownFileType = sourcecode.c.h; path = PXExpressionType.h; sourceTree = "<group>"; };
		685F01F48A757C6F0905CD4D /* PXFailureType.h */ = {isa = PBXFileReference; fileEncoding = 4; lastKnownFileType = sourcecode.c.h; path = PXFailureType.h; sourceTree = "<group>"; };
		685F020197A0F17DE5C3C78E /* Info.plist */ = {isa = PBXFileReference; lastKnownFileType = text.plist.info; path = Info.plist; sourceTree = "<group>"; };
		685F0274A105D3EDE204C26C /* PXEditCodeViewController.m */ = {isa = PBXFileReference; fileEncoding = 4; lastKnownFileType = sourcecode.c.objc; path = PXEditCodeViewController.m; sourceTree = "<group>"; };
		685F0279E5CA8800CCCC8185 /* PXDefaultBuiltins.m */ = {isa = PBXFileReference; fileEncoding = 4; lastKnownFileType = sourcecode.c.objc; path = PXDefaultBuiltins.m; sourceTree = "<group>"; };
		685F028E827AC6B28CF8FEBC /* PXIdentifierExpressionView.h */ = {isa = PBXFileReference; fileEncoding = 4; lastKnownFileType = sourcecode.c.h; path = PXIdentifierExpressionView.h; sourceTree = "<group>"; };
		685F029A2CF575EC0F27E60C /* LanguageTests.m */ = {isa = PBXFileReference; lastKnownFileType = sourcecode.c.objc; path = LanguageTests.m; sourceTree = "<group>"; };
		685F02B1F25E6EB449F187F0 /* PXExpression.m */ = {isa = PBXFileReference; fileEncoding = 4; lastKnownFileType = sourcecode.c.objc; path = PXExpression.m; sourceTree = "<group>"; };
		685F02C5A69FE709EA9CA932 /* PXTaskPane.h */ = {isa = PBXFileReference; fileEncoding = 4; lastKnownFileType = sourcecode.c.h; path = PXTaskPane.h; sourceTree = "<group>"; };
		685F02F76B83267D26DFAB1A /* PXParser.h */ = {isa = PBXFileReference; fileEncoding = 4; lastKnownFileType = sourcecode.c.h; path = PXParser.h; sourceTree = "<group>"; };
		685F032436A143C7EFCCF285 /* PXAssignmentExpression.m */ = {isa = PBXFileReference; fileEncoding = 4; lastKnownFileType = sourcecode.c.objc; path = PXAssignmentExpression.m; sourceTree = "<group>"; };
		685F0332212859137D10CD9E /* PXTestTaskGroup.m */ = {isa = PBXFileReference; fileEncoding = 4; lastKnownFileType = sourcecode.c.objc; path = PXTestTaskGroup.m; sourceTree = "<group>"; };
		685F0334E644C145CE1B3AEC /* PXExecutionContext.h */ = {isa = PBXFileReference; fileEncoding = 4; lastKnownFileType = sourcecode.c.h; path = PXExecutionContext.h; sourceTree = "<group>"; };
		685F033AEF3574D443203BF7 /* PXIdentifierExpressionView.m */ = {isa = PBXFileReference; fileEncoding = 4; lastKnownFileType = sourcecode.c.objc; path = PXIdentifierExpressionView.m; sourceTree = "<group>"; };
		685F03596E6EF304C858EAD9 /* PXExpressionView.m */ = {isa = PBXFileReference; fileEncoding = 4; lastKnownFileType = sourcecode.c.objc; path = PXExpressionView.m; sourceTree = "<group>"; };
		685F0372F244B5B490617535 /* PXContinuation.h */ = {isa = PBXFileReference; fileEncoding = 4; lastKnownFileType = sourcecode.c.h; path = PXContinuation.h; sourceTree = "<group>"; };
		685F0396DFBE57639F8988DD /* PXAssignmentExpressionView.h */ = {isa = PBXFileReference; fileEncoding = 4; lastKnownFileType = sourcecode.c.h; path = PXAssignmentExpressionView.h; sourceTree = "<group>"; };
		685F03B3732E095347E0CB50 /* UIColor+PXColor.h */ = {isa = PBXFileReference; fileEncoding = 4; lastKnownFileType = sourcecode.c.h; path = "UIColor+PXColor.h"; sourceTree = "<group>"; };
		685F03EDA8DAACA1C651236F /* PXTaskGroupView.m */ = {isa = PBXFileReference; fileEncoding = 4; lastKnownFileType = sourcecode.c.objc; path = PXTaskGroupView.m; sourceTree = "<group>"; };
		685F0410159F6BE22657E999 /* PXHoleView.h */ = {isa = PBXFileReference; fileEncoding = 4; lastKnownFileType = sourcecode.c.h; path = PXHoleView.h; sourceTree = "<group>"; };
		685F046E202728FE9347916E /* PXIdentifierExpression.h */ = {isa = PBXFileReference; fileEncoding = 4; lastKnownFileType = sourcecode.c.h; path = PXIdentifierExpression.h; sourceTree = "<group>"; };
		685F04F1104D97D32A5A6C78 /* PXTaskGroup.m */ = {isa = PBXFileReference; fileEncoding = 4; lastKnownFileType = sourcecode.c.objc; path = PXTaskGroup.m; sourceTree = "<group>"; };
		685F050539130AF66F448BC6 /* PXCompoundExpressionView.m */ = {isa = PBXFileReference; fileEncoding = 4; lastKnownFileType = sourcecode.c.objc; path = PXCompoundExpressionView.m; sourceTree = "<group>"; };
		685F050D78223CC1216949E9 /* PXHole.h */ = {isa = PBXFileReference; fileEncoding = 4; lastKnownFileType = sourcecode.c.h; path = PXHole.h; sourceTree = "<group>"; };
		685F05320C73781BF0F4C33C /* PXCompoundExpressionView.h */ = {isa = PBXFileReference; fileEncoding = 4; lastKnownFileType = sourcecode.c.h; path = PXCompoundExpressionView.h; sourceTree = "<group>"; };
		685F054846D7805194F396DB /* PXConditionalExpression.m */ = {isa = PBXFileReference; fileEncoding = 4; lastKnownFileType = sourcecode.c.objc; path = PXConditionalExpression.m; sourceTree = "<group>"; };
		685F055960E6F824FD228D2C /* PXValue.m */ = {isa = PBXFileReference; fileEncoding = 4; lastKnownFileType = sourcecode.c.objc; path = PXValue.m; sourceTree = "<group>"; };
		685F0572F0A1C56A1A09C721 /* PXBuiltin.m */ = {isa = PBXFileReference; fileEncoding = 4; lastKnownFileType = sourcecode.c.objc; path = PXBuiltin.m; sourceTree = "<group>"; };
		685F0586CBCBF12F1CF53AC9 /* PXFailureInfo.h */ = {isa = PBXFileReference; fileEncoding = 4; lastKnownFileType = sourcecode.c.h; path = PXFailureInfo.h; sourceTree = "<group>"; };
		685F05BD437C33606F2C8E0E /* PXArgument.m */ = {isa = PBXFileReference; fileEncoding = 4; lastKnownFileType = sourcecode.c.objc; path = PXArgument.m; sourceTree = "<group>"; };
		685F05DC409746AB33EE284C /* PXConstantExpressionView.h */ = {isa = PBXFileReference; fileEncoding = 4; lastKnownFileType = sourcecode.c.h; path = PXConstantExpressionView.h; sourceTree = "<group>"; };
		685F061047292D6F781F69D5 /* PXFailureInfo.m */ = {isa = PBXFileReference; fileEncoding = 4; lastKnownFileType = sourcecode.c.objc; path = PXFailureInfo.m; sourceTree = "<group>"; };
		685F061F43F118A687AAD379 /* PXAssignmentExpressionView.m */ = {isa = PBXFileReference; fileEncoding = 4; lastKnownFileType = sourcecode.c.objc; path = PXAssignmentExpressionView.m; sourceTree = "<group>"; };
		685F064199AFDF6EF90BDD03 /* PXFunction.h */ = {isa = PBXFileReference; fileEncoding = 4; lastKnownFileType = sourcecode.c.h; path = PXFunction.h; sourceTree = "<group>"; };
		685F064A5B6839738310891B /* Info.plist */ = {isa = PBXFileReference; lastKnownFileType = text.plist.info; path = Info.plist; sourceTree = "<group>"; };
		685F066512DEC2EB69ABAA97 /* PXAssignmentExpression.h */ = {isa = PBXFileReference; fileEncoding = 4; lastKnownFileType = sourcecode.c.h; path = PXAssignmentExpression.h; sourceTree = "<group>"; };
		685F0699ABD8A8F6C9288736 /* PXConditionalExpression.h */ = {isa = PBXFileReference; fileEncoding = 4; lastKnownFileType = sourcecode.c.h; path = PXConditionalExpression.h; sourceTree = "<group>"; };
		685F06E472E9B6ED587FE7CC /* PXCodeEditor.h */ = {isa = PBXFileReference; fileEncoding = 4; lastKnownFileType = sourcecode.c.h; path = PXCodeEditor.h; sourceTree = "<group>"; };
		685F0713DE8F446CBC4CACDC /* PXCallExpression.h */ = {isa = PBXFileReference; fileEncoding = 4; lastKnownFileType = sourcecode.c.h; path = PXCallExpression.h; sourceTree = "<group>"; };
		685F07151E98409E1E835274 /* PXParser.m */ = {isa = PBXFileReference; fileEncoding = 4; lastKnownFileType = sourcecode.c.objc; path = PXParser.m; sourceTree = "<group>"; };
		685F0750D4F8E5DDD0FA3C9A /* PXExpression+PXExpressionHelpers.h */ = {isa = PBXFileReference; fileEncoding = 4; lastKnownFileType = sourcecode.c.h; path = "PXExpression+PXExpressionHelpers.h"; sourceTree = "<group>"; };
		685F0751F3C5E6CF04FE0B8F /* PXTaskGroup.h */ = {isa = PBXFileReference; fileEncoding = 4; lastKnownFileType = sourcecode.c.h; path = PXTaskGroup.h; sourceTree = "<group>"; };
		685F075477D0261EE6FBCC74 /* PXHoleView.m */ = {isa = PBXFileReference; fileEncoding = 4; lastKnownFileType = sourcecode.c.objc; path = PXHoleView.m; sourceTree = "<group>"; };
		685F07BFECB8D73B5EC62CCF /* PXConstantExpressionView.m */ = {isa = PBXFileReference; fileEncoding = 4; lastKnownFileType = sourcecode.c.objc; path = PXConstantExpressionView.m; sourceTree = "<group>"; };
		685F07E46FD938092AE13BFF /* PXCompoundExpression.h */ = {isa = PBXFileReference; fileEncoding = 4; lastKnownFileType = sourcecode.c.h; path = PXCompoundExpression.h; sourceTree = "<group>"; };
		685F081D777F7A6DBB3C4196 /* PXCompoundExpression.m */ = {isa = PBXFileReference; fileEncoding = 4; lastKnownFileType = sourcecode.c.objc; path = PXCompoundExpression.m; sourceTree = "<group>"; };
		685F085F06978EBA312BB30D /* PXFunction.m */ = {isa = PBXFileReference; fileEncoding = 4; lastKnownFileType = sourcecode.c.objc; path = PXFunction.m; sourceTree = "<group>"; };
		685F08D931C2711737206CAA /* PXHole.m */ = {isa = PBXFileReference; fileEncoding = 4; lastKnownFileType = sourcecode.c.objc; path = PXHole.m; sourceTree = "<group>"; };
		685F08FDF73463311B6D2D02 /* Praxis.app */ = {isa = PBXFileReference; explicitFileType = wrapper.application; includeInIndex = 0; path = Praxis.app; sourceTree = BUILT_PRODUCTS_DIR; };
		685F09378EEF8B72750A22DD /* PXContinuation.m */ = {isa = PBXFileReference; fileEncoding = 4; lastKnownFileType = sourcecode.c.objc; path = PXContinuation.m; sourceTree = "<group>"; };
		685F09722DD0BA4EF8178CB4 /* PXCodeEditor.m */ = {isa = PBXFileReference; fileEncoding = 4; lastKnownFileType = sourcecode.c.objc; path = PXCodeEditor.m; sourceTree = "<group>"; };
		685F09941A524F6B38FB1414 /* PXExpression+PXExpressionHelpers.m */ = {isa = PBXFileReference; fileEncoding = 4; lastKnownFileType = sourcecode.c.objc; path = "PXExpression+PXExpressionHelpers.m"; sourceTree = "<group>"; };
		685F09AA382EB802C5C39BAF /* PXValue.h */ = {isa = PBXFileReference; fileEncoding = 4; lastKnownFileType = sourcecode.c.h; path = PXValue.h; sourceTree = "<group>"; };
		685F09BFF12BC41F8D8ED904 /* PXIdentifierExpression.m */ = {isa = PBXFileReference; fileEncoding = 4; lastKnownFileType = sourcecode.c.objc; path = PXIdentifierExpression.m; sourceTree = "<group>"; };
		685F09DFA24FE8D4339807BE /* PXWhileExpression.h */ = {isa = PBXFileReference; fileEncoding = 4; lastKnownFileType = sourcecode.c.h; path = PXWhileExpression.h; sourceTree = "<group>"; };
		685F0A0D0A84F1B8250648FE /* PXVisuals.h */ = {isa = PBXFileReference; fileEncoding = 4; lastKnownFileType = sourcecode.c.h; path = PXVisuals.h; sourceTree = "<group>"; };
		685F0A425B067340BF807E50 /* Base */ = {isa = PBXFileReference; lastKnownFileType = file.xib; name = Base; path = Base.lproj/LaunchScreen.xib; sourceTree = "<group>"; };
		685F0A82066AFBBADFADB490 /* AppDelegate.h */ = {isa = PBXFileReference; lastKnownFileType = sourcecode.c.h; path = AppDelegate.h; sourceTree = "<group>"; };
		685F0A8990FFF5C53B5D96B9 /* UIColor+PXColor.m */ = {isa = PBXFileReference; fileEncoding = 4; lastKnownFileType = sourcecode.c.objc; path = "UIColor+PXColor.m"; sourceTree = "<group>"; };
		685F0ABF29CF37E04AD997A6 /* PXExecutionContext.m */ = {isa = PBXFileReference; fileEncoding = 4; lastKnownFileType = sourcecode.c.objc; path = PXExecutionContext.m; sourceTree = "<group>"; };
		685F0AD61B024516A9ADBAC4 /* PXCallExpression.m */ = {isa = PBXFileReference; fileEncoding = 4; lastKnownFileType = sourcecode.c.objc; path = PXCallExpression.m; sourceTree = "<group>"; };
		685F0B69BE7CF2872F1762BC /* PXConstantExpression.h */ = {isa = PBXFileReference; fileEncoding = 4; lastKnownFileType = sourcecode.c.h; path = PXConstantExpression.h; sourceTree = "<group>"; };
		685F0C5FF68F07639AE7A6B7 /* NSArray+PXArrayExtensions.m */ = {isa = PBXFileReference; fileEncoding = 4; lastKnownFileType = sourcecode.c.objc; path = "NSArray+PXArrayExtensions.m"; sourceTree = "<group>"; };
		685F0C8D4F30676930317143 /* PXTaskGroupView.h */ = {isa = PBXFileReference; fileEncoding = 4; lastKnownFileType = sourcecode.c.h; path = PXTaskGroupView.h; sourceTree = "<group>"; };
		685F0CCA01D0845423649DC8 /* PXTaskProvider.h */ = {isa = PBXFileReference; fileEncoding = 4; lastKnownFileType = sourcecode.c.h; path = PXTaskProvider.h; sourceTree = "<group>"; };
		685F0CCE9EB0433D2E22A68B /* PXDefaultBuiltins+Decl.h */ = {isa = PBXFileReference; fileEncoding = 4; lastKnownFileType = sourcecode.c.h; path = "PXDefaultBuiltins+Decl.h"; sourceTree = "<group>"; };
		685F0CD10CA809B62244F1B1 /* NSArray+PXArrayExtensions.h */ = {isa = PBXFileReference; fileEncoding = 4; lastKnownFileType = sourcecode.c.h; path = "NSArray+PXArrayExtensions.h"; sourceTree = "<group>"; };
		685F0D042C8E41AB93C3FC2E /* PXEditCodeViewController.h */ = {isa = PBXFileReference; fileEncoding = 4; lastKnownFileType = sourcecode.c.h; path = PXEditCodeViewController.h; sourceTree = "<group>"; };
		685F0D17AD992CD35922FD8A /* PXDebugContext.h */ = {isa = PBXFileReference; fileEncoding = 4; lastKnownFileType = sourcecode.c.h; path = PXDebugContext.h; sourceTree = "<group>"; };
		685F0D5FA5D5372E3A20B4F1 /* AppDelegate.m */ = {isa = PBXFileReference; lastKnownFileType = sourcecode.c.objc; path = AppDelegate.m; sourceTree = "<group>"; };
		685F0E12DF6F954EF78FFBD0 /* PXDebugContext.m */ = {isa = PBXFileReference; fileEncoding = 4; lastKnownFileType = sourcecode.c.objc; path = PXDebugContext.m; sourceTree = "<group>"; };
		685F0E8A3FEC114FAB3C4B5E /* PXDefaultBuiltins.h */ = {isa = PBXFileReference; fileEncoding = 4; lastKnownFileType = sourcecode.c.h; path = PXDefaultBuiltins.h; sourceTree = "<group>"; };
		685F0EA565CAA1B202F8EBB5 /* main.m */ = {isa = PBXFileReference; lastKnownFileType = sourcecode.c.objc; path = main.m; sourceTree = "<group>"; };
		685F0EB6253564D7EB63DB66 /* PXExecutionResult.m */ = {isa = PBXFileReference; fileEncoding = 4; lastKnownFileType = sourcecode.c.objc; path = PXExecutionResult.m; sourceTree = "<group>"; };
		685F0EEC8CA42F5619CAB3AB /* PXExecutionResult.h */ = {isa = PBXFileReference; fileEncoding = 4; lastKnownFileType = sourcecode.c.h; path = PXExecutionResult.h; sourceTree = "<group>"; };
		685F0EF5816CB2FAB3590E15 /* PXConstantExpression.m */ = {isa = PBXFileReference; fileEncoding = 4; lastKnownFileType = sourcecode.c.objc; path = PXConstantExpression.m; sourceTree = "<group>"; };
		685F0F23AF844A3AFFACE75D /* praxis.bnf */ = {isa = PBXFileReference; lastKnownFileType = file.bnf; path = praxis.bnf; sourceTree = "<group>"; };
		685F0F593C7C49CA601D19AE /* PXBuiltin.h */ = {isa = PBXFileReference; fileEncoding = 4; lastKnownFileType = sourcecode.c.h; path = PXBuiltin.h; sourceTree = "<group>"; };
		685F0FC5B29D58DE9A82B4FB /* Images.xcassets */ = {isa = PBXFileReference; lastKnownFileType = folder.assetcatalog; path = Images.xcassets; sourceTree = "<group>"; };
		685F0FC80590F7C605F89010 /* PXWhileExpressionView.h */ = {isa = PBXFileReference; fileEncoding = 4; lastKnownFileType = sourcecode.c.h; path = PXWhileExpressionView.h; sourceTree = "<group>"; };
		7C1912A6BA05FFCFE27FBB07 /* libPods-Praxis.a */ = {isa = PBXFileReference; explicitFileType = archive.ar; includeInIndex = 0; path = "libPods-Praxis.a"; sourceTree = BUILT_PRODUCTS_DIR; };
		9081595DED39DCD325F69A25 /* Pods.release.xcconfig */ = {isa = PBXFileReference; includeInIndex = 1; lastKnownFileType = text.xcconfig; name = Pods.release.xcconfig; path = "Pods/Target Support Files/Pods/Pods.release.xcconfig"; sourceTree = "<group>"; };
		C223D34562AF59EA84A1D564 /* Pods-Praxis.release.xcconfig */ = {isa = PBXFileReference; includeInIndex = 1; lastKnownFileType = text.xcconfig; name = "Pods-Praxis.release.xcconfig"; path = "Pods/Target Support Files/Pods-Praxis/Pods-Praxis.release.xcconfig"; sourceTree = "<group>"; };
/* End PBXFileReference section */

/* Begin PBXFrameworksBuildPhase section */
		685F02D57C111F4EB70D6F0D /* Frameworks */ = {
			isa = PBXFrameworksBuildPhase;
			buildActionMask = 2147483647;
			files = (
				6F919BB25B3B3DDDBE7C67D5 /* libPods-PraxisTests.a in Frameworks */,
			);
			runOnlyForDeploymentPostprocessing = 0;
		};
		685F0D330179801CA1F1A1FE /* Frameworks */ = {
			isa = PBXFrameworksBuildPhase;
			buildActionMask = 2147483647;
			files = (
				76E1ECA7B2569B719E077ED6 /* libPods.a in Frameworks */,
				849A554DCA4CBEAB57B2236F /* libPods-Praxis.a in Frameworks */,
			);
			runOnlyForDeploymentPostprocessing = 0;
		};
/* End PBXFrameworksBuildPhase section */

/* Begin PBXGroup section */
		685F0078D04DE14568D83111 /* Language */ = {
			isa = PBXGroup;
			children = (
				685F0EB6253564D7EB63DB66 /* PXExecutionResult.m */,
				685F0EEC8CA42F5619CAB3AB /* PXExecutionResult.h */,
				685F0ABF29CF37E04AD997A6 /* PXExecutionContext.m */,
				685F0334E644C145CE1B3AEC /* PXExecutionContext.h */,
				685F02B1F25E6EB449F187F0 /* PXExpression.m */,
				685F008808F1B35C8298D7BE /* PXExpression.h */,
				685F09AA382EB802C5C39BAF /* PXValue.h */,
				685F01D8F1EF2273BC0BA406 /* PXExpressionType.h */,
				685F055960E6F824FD228D2C /* PXValue.m */,
				685F08D931C2711737206CAA /* PXHole.m */,
				685F050D78223CC1216949E9 /* PXHole.h */,
				685F061047292D6F781F69D5 /* PXFailureInfo.m */,
				685F0586CBCBF12F1CF53AC9 /* PXFailureInfo.h */,
				685F01F48A757C6F0905CD4D /* PXFailureType.h */,
				685F09378EEF8B72750A22DD /* PXContinuation.m */,
				685F0372F244B5B490617535 /* PXContinuation.h */,
				685F09941A524F6B38FB1414 /* PXExpression+PXExpressionHelpers.m */,
				685F0750D4F8E5DDD0FA3C9A /* PXExpression+PXExpressionHelpers.h */,
				685F085F06978EBA312BB30D /* PXFunction.m */,
				685F064199AFDF6EF90BDD03 /* PXFunction.h */,
				685F05BD437C33606F2C8E0E /* PXArgument.m */,
				685F0027A35A5DDC039F5FD5 /* PXArgument.h */,
				685F0572F0A1C56A1A09C721 /* PXBuiltin.m */,
				685F0F593C7C49CA601D19AE /* PXBuiltin.h */,
				685F0279E5CA8800CCCC8185 /* PXDefaultBuiltins.m */,
				685F0E8A3FEC114FAB3C4B5E /* PXDefaultBuiltins.h */,
				685F0CCE9EB0433D2E22A68B /* PXDefaultBuiltins+Decl.h */,
				685F0F23AF844A3AFFACE75D /* praxis.bnf */,
				685F0C38830575B38F037EE6 /* Generated */,
				685F0A2B28C23ED6919B675C /* Expressions */,
			);
			path = Language;
			sourceTree = "<group>";
		};
		685F009692142E9714D678D1 /* PraxisTests */ = {
			isa = PBXGroup;
			children = (
				685F00D2316C9CCF11CB6D6D /* Supporting Files */,
				685F029A2CF575EC0F27E60C /* LanguageTests.m */,
			);
			path = PraxisTests;
			sourceTree = "<group>";
		};
		685F00D2316C9CCF11CB6D6D /* Supporting Files */ = {
			isa = PBXGroup;
			children = (
				685F020197A0F17DE5C3C78E /* Info.plist */,
			);
			name = "Supporting Files";
			sourceTree = "<group>";
		};
		685F020957686EDEEB3FFAA2 = {
			isa = PBXGroup;
			children = (
				685F0C5D63D8E6B97590D2AD /* Products */,
				685F07692F56A7F3D0F666B8 /* Praxis */,
				685F009692142E9714D678D1 /* PraxisTests */,
				AEE0A276BD44EE26C89802B9 /* Pods */,
				B74BF021E45920B17F19AC33 /* Frameworks */,
			);
			sourceTree = "<group>";
		};
		685F02E2EEBD6684F986C16D /* Task Groups */ = {
			isa = PBXGroup;
			children = (
				685F0332212859137D10CD9E /* PXTestTaskGroup.m */,
				685F004A5E2AEF8989723C0C /* PXTestTaskGroup.h */,
			);
			name = "Task Groups";
			sourceTree = "<group>";
		};
		685F03D0F68A4CC8DDED0F82 /* View Controllers */ = {
			isa = PBXGroup;
			children = (
				685F0D042C8E41AB93C3FC2E /* PXEditCodeViewController.h */,
				685F0274A105D3EDE204C26C /* PXEditCodeViewController.m */,
			);
			name = "View Controllers";
			sourceTree = "<group>";
		};
		685F07692F56A7F3D0F666B8 /* Praxis */ = {
			isa = PBXGroup;
			children = (
				685F0CA4094A5435D9E9C36B /* Supporting Files */,
				685F0FC5B29D58DE9A82B4FB /* Images.xcassets */,
				685F0CBE3D7B7EEB1806D230 /* LaunchScreen.xib */,
				685F0A82066AFBBADFADB490 /* AppDelegate.h */,
				685F0D5FA5D5372E3A20B4F1 /* AppDelegate.m */,
				685F0B1D6EEECACFE3821401 /* UI */,
				685F0078D04DE14568D83111 /* Language */,
				685F00C1E7744316AA47FFE5 /* Common.h */,
				685F0E12DF6F954EF78FFBD0 /* PXDebugContext.m */,
				685F0D17AD992CD35922FD8A /* PXDebugContext.h */,
				685F0C5FF68F07639AE7A6B7 /* NSArray+PXArrayExtensions.m */,
				685F0CD10CA809B62244F1B1 /* NSArray+PXArrayExtensions.h */,
			);
			path = Praxis;
			sourceTree = "<group>";
		};
		685F0A2B28C23ED6919B675C /* Expressions */ = {
			isa = PBXGroup;
			children = (
				685F0713DE8F446CBC4CACDC /* PXCallExpression.h */,
				685F0AD61B024516A9ADBAC4 /* PXCallExpression.m */,
				685F09DFA24FE8D4339807BE /* PXWhileExpression.h */,
				685F0089F844973946296189 /* PXWhileExpression.m */,
				685F07E46FD938092AE13BFF /* PXCompoundExpression.h */,
				685F081D777F7A6DBB3C4196 /* PXCompoundExpression.m */,
				685F0B69BE7CF2872F1762BC /* PXConstantExpression.h */,
				685F0EF5816CB2FAB3590E15 /* PXConstantExpression.m */,
				685F066512DEC2EB69ABAA97 /* PXAssignmentExpression.h */,
				685F032436A143C7EFCCF285 /* PXAssignmentExpression.m */,
				685F046E202728FE9347916E /* PXIdentifierExpression.h */,
				685F09BFF12BC41F8D8ED904 /* PXIdentifierExpression.m */,
				685F0699ABD8A8F6C9288736 /* PXConditionalExpression.h */,
				685F054846D7805194F396DB /* PXConditionalExpression.m */,
			);
			path = Expressions;
			sourceTree = "<group>";
		};
		685F0AD767B96661A3C22582 /* Expression Views */ = {
			isa = PBXGroup;
			children = (
				685F07BFECB8D73B5EC62CCF /* PXConstantExpressionView.m */,
				685F05DC409746AB33EE284C /* PXConstantExpressionView.h */,
				685F033AEF3574D443203BF7 /* PXIdentifierExpressionView.m */,
				685F028E827AC6B28CF8FEBC /* PXIdentifierExpressionView.h */,
				685F061F43F118A687AAD379 /* PXAssignmentExpressionView.m */,
				685F0396DFBE57639F8988DD /* PXAssignmentExpressionView.h */,
				685F00B35AB9FFC38C27FE97 /* PXWhileExpressionView.m */,
				685F0FC80590F7C605F89010 /* PXWhileExpressionView.h */,
				685F050539130AF66F448BC6 /* PXCompoundExpressionView.m */,
				685F05320C73781BF0F4C33C /* PXCompoundExpressionView.h */,
			);
			name = "Expression Views";
			sourceTree = "<group>";
		};
		685F0B1D6EEECACFE3821401 /* UI */ = {
			isa = PBXGroup;
			children = (
				685F03D0F68A4CC8DDED0F82 /* View Controllers */,
				685F004B50425F661069161D /* PXTaskPane.m */,
				685F02C5A69FE709EA9CA932 /* PXTaskPane.h */,
				685F09722DD0BA4EF8178CB4 /* PXCodeEditor.m */,
				685F06E472E9B6ED587FE7CC /* PXCodeEditor.h */,
				685F04F1104D97D32A5A6C78 /* PXTaskGroup.m */,
				685F0751F3C5E6CF04FE0B8F /* PXTaskGroup.h */,
				685F03EDA8DAACA1C651236F /* PXTaskGroupView.m */,
				685F0C8D4F30676930317143 /* PXTaskGroupView.h */,
				685F02E2EEBD6684F986C16D /* Task Groups */,
				685F00EFD99037F86F1D8206 /* PXTaskProvider.m */,
				685F0CCA01D0845423649DC8 /* PXTaskProvider.h */,
				685F03596E6EF304C858EAD9 /* PXExpressionView.m */,
				685F003A712C18A00627F942 /* PXExpressionView.h */,
				685F075477D0261EE6FBCC74 /* PXHoleView.m */,
				685F0410159F6BE22657E999 /* PXHoleView.h */,
				685F0A0D0A84F1B8250648FE /* PXVisuals.h */,
				685F0AD767B96661A3C22582 /* Expression Views */,
				685F0A8990FFF5C53B5D96B9 /* UIColor+PXColor.m */,
				685F03B3732E095347E0CB50 /* UIColor+PXColor.h */,
			);
			path = UI;
			sourceTree = "<group>";
		};
		685F0C38830575B38F037EE6 /* Generated */ = {
			isa = PBXGroup;
			children = (
				685F07151E98409E1E835274 /* PXParser.m */,
				685F02F76B83267D26DFAB1A /* PXParser.h */,
			);
			name = Generated;
			sourceTree = "<group>";
		};
		685F0C5D63D8E6B97590D2AD /* Products */ = {
			isa = PBXGroup;
			children = (
				685F08FDF73463311B6D2D02 /* Praxis.app */,
				685F00068A6CAFD0E3F886D0 /* PraxisTests.xctest */,
			);
			name = Products;
			sourceTree = "<group>";
		};
		685F0CA4094A5435D9E9C36B /* Supporting Files */ = {
			isa = PBXGroup;
			children = (
				685F064A5B6839738310891B /* Info.plist */,
				685F0EA565CAA1B202F8EBB5 /* main.m */,
			);
			name = "Supporting Files";
			sourceTree = "<group>";
		};
		AEE0A276BD44EE26C89802B9 /* Pods */ = {
			isa = PBXGroup;
			children = (
				5D3FE94F75A8D861A87A83F3 /* Pods.debug.xcconfig */,
				9081595DED39DCD325F69A25 /* Pods.release.xcconfig */,
				43B5DE3EA647984EDE71F4F7 /* Pods-PraxisTests.debug.xcconfig */,
				0D20F231894F9B3FA19DB150 /* Pods-PraxisTests.release.xcconfig */,
				4AC0A2786ADC51368A00ABAE /* Pods-Praxis.debug.xcconfig */,
				C223D34562AF59EA84A1D564 /* Pods-Praxis.release.xcconfig */,
			);
			name = Pods;
			sourceTree = "<group>";
		};
		B74BF021E45920B17F19AC33 /* Frameworks */ = {
			isa = PBXGroup;
			children = (
				4342049A1E275082BA484C2A /* libPods.a */,
				7C1912A6BA05FFCFE27FBB07 /* libPods-Praxis.a */,
				0AA7A2F4B042B699BE551332 /* libPods-PraxisTests.a */,
			);
			name = Frameworks;
			sourceTree = "<group>";
		};
/* End PBXGroup section */

/* Begin PBXNativeTarget section */
		685F02E269A377EA5FFB9D47 /* Praxis */ = {
			isa = PBXNativeTarget;
			buildConfigurationList = 685F0D8124550A44BA7AA3F5 /* Build configuration list for PBXNativeTarget "Praxis" */;
			buildPhases = (
				ED5DF8F9E6C7DEBD9DD3DB7A /* Check Pods Manifest.lock */,
				685F0B4EBB36219D9B595350 /* Sources */,
				685F0D330179801CA1F1A1FE /* Frameworks */,
				685F097F67860395CF98A041 /* Resources */,
				99A40941AC7F41AEEE1554A9 /* Copy Pods Resources */,
			);
			buildRules = (
			);
			dependencies = (
			);
			name = Praxis;
			productName = Praxis;
			productReference = 685F08FDF73463311B6D2D02 /* Praxis.app */;
			productType = "com.apple.product-type.application";
		};
		685F0CC409533D3E055EC0C2 /* PraxisTests */ = {
			isa = PBXNativeTarget;
			buildConfigurationList = 685F0560DF611F559747851A /* Build configuration list for PBXNativeTarget "PraxisTests" */;
			buildPhases = (
				7D9F9F7A656AB468AE21AEE8 /* Check Pods Manifest.lock */,
				685F04125672864D40AEE853 /* Sources */,
				685F02D57C111F4EB70D6F0D /* Frameworks */,
				685F07BEA01D29CA5E3B54AA /* Resources */,
				F44ACF061A7C23D6009AC209 /* Copy Pods Resources */,
			);
			buildRules = (
			);
			dependencies = (
				685F036A58F8030971846E49 /* PBXTargetDependency */,
			);
			name = PraxisTests;
			productName = PraxisTests;
			productReference = 685F00068A6CAFD0E3F886D0 /* PraxisTests.xctest */;
			productType = "com.apple.product-type.bundle.unit-test";
		};
/* End PBXNativeTarget section */

/* Begin PBXProject section */
		685F002780202AD035BEB56D /* Project object */ = {
			isa = PBXProject;
			attributes = {
				CLASSPREFIX = PX;
				ORGANIZATIONNAME = "McMaster University";
			};
			buildConfigurationList = 685F0BD496F25EE5D88315D0 /* Build configuration list for PBXProject "Praxis" */;
			compatibilityVersion = "Xcode 3.2";
			developmentRegion = English;
			hasScannedForEncodings = 0;
			knownRegions = (
				en,
			);
			mainGroup = 685F020957686EDEEB3FFAA2;
			productRefGroup = 685F0C5D63D8E6B97590D2AD /* Products */;
			projectDirPath = "";
			projectRoot = "";
			targets = (
				685F02E269A377EA5FFB9D47 /* Praxis */,
				685F0CC409533D3E055EC0C2 /* PraxisTests */,
			);
		};
/* End PBXProject section */

/* Begin PBXResourcesBuildPhase section */
		685F07BEA01D29CA5E3B54AA /* Resources */ = {
			isa = PBXResourcesBuildPhase;
			buildActionMask = 2147483647;
			files = (
				685F079B3C63F445F9C11FED /* praxis.bnf in Resources */,
			);
			runOnlyForDeploymentPostprocessing = 0;
		};
		685F097F67860395CF98A041 /* Resources */ = {
			isa = PBXResourcesBuildPhase;
			buildActionMask = 2147483647;
			files = (
				685F096D5EAF982567BD4245 /* Images.xcassets in Resources */,
				685F0CEA54FB9B26305E2FFE /* LaunchScreen.xib in Resources */,
				685F0A0F6E1D7B8DAA2C2801 /* praxis.bnf in Resources */,
			);
			runOnlyForDeploymentPostprocessing = 0;
		};
/* End PBXResourcesBuildPhase section */

/* Begin PBXShellScriptBuildPhase section */
		7D9F9F7A656AB468AE21AEE8 /* Check Pods Manifest.lock */ = {
			isa = PBXShellScriptBuildPhase;
			buildActionMask = 2147483647;
			files = (
			);
			inputPaths = (
			);
			name = "Check Pods Manifest.lock";
			outputPaths = (
			);
			runOnlyForDeploymentPostprocessing = 0;
			shellPath = /bin/sh;
			shellScript = "diff \"${PODS_ROOT}/../Podfile.lock\" \"${PODS_ROOT}/Manifest.lock\" > /dev/null\nif [[ $? != 0 ]] ; then\n    cat << EOM\nerror: The sandbox is not in sync with the Podfile.lock. Run 'pod install' or update your CocoaPods installation.\nEOM\n    exit 1\nfi\n";
			showEnvVarsInLog = 0;
		};
		99A40941AC7F41AEEE1554A9 /* Copy Pods Resources */ = {
			isa = PBXShellScriptBuildPhase;
			buildActionMask = 2147483647;
			files = (
			);
			inputPaths = (
			);
			name = "Copy Pods Resources";
			outputPaths = (
			);
			runOnlyForDeploymentPostprocessing = 0;
			shellPath = /bin/sh;
			shellScript = "\"${SRCROOT}/Pods/Target Support Files/Pods-Praxis/Pods-Praxis-resources.sh\"\n";
			showEnvVarsInLog = 0;
		};
		ED5DF8F9E6C7DEBD9DD3DB7A /* Check Pods Manifest.lock */ = {
			isa = PBXShellScriptBuildPhase;
			buildActionMask = 2147483647;
			files = (
			);
			inputPaths = (
			);
			name = "Check Pods Manifest.lock";
			outputPaths = (
			);
			runOnlyForDeploymentPostprocessing = 0;
			shellPath = /bin/sh;
			shellScript = "diff \"${PODS_ROOT}/../Podfile.lock\" \"${PODS_ROOT}/Manifest.lock\" > /dev/null\nif [[ $? != 0 ]] ; then\n    cat << EOM\nerror: The sandbox is not in sync with the Podfile.lock. Run 'pod install' or update your CocoaPods installation.\nEOM\n    exit 1\nfi\n";
			showEnvVarsInLog = 0;
		};
		F44ACF061A7C23D6009AC209 /* Copy Pods Resources */ = {
			isa = PBXShellScriptBuildPhase;
			buildActionMask = 2147483647;
			files = (
			);
			inputPaths = (
			);
			name = "Copy Pods Resources";
			outputPaths = (
			);
			runOnlyForDeploymentPostprocessing = 0;
			shellPath = /bin/sh;
			shellScript = "\"${SRCROOT}/Pods/Target Support Files/Pods-PraxisTests/Pods-PraxisTests-resources.sh\"\n";
			showEnvVarsInLog = 0;
		};
/* End PBXShellScriptBuildPhase section */

/* Begin PBXSourcesBuildPhase section */
		685F04125672864D40AEE853 /* Sources */ = {
			isa = PBXSourcesBuildPhase;
			buildActionMask = 2147483647;
			files = (
				685F0BE6CD106AF52DAD2DD0 /* LanguageTests.m in Sources */,
				685F022AC6E0A7E7C9536CAC /* PXExecutionResult.m in Sources */,
				685F06AF7506C7C130DE4153 /* PXExecutionContext.m in Sources */,
				685F06F1CE4909B339DB7E31 /* PXExpression.m in Sources */,
				685F0D26575A6422AF87BD0D /* PXValue.m in Sources */,
				685F0ADBFF1945AC0257B242 /* PXHole.m in Sources */,
				685F04B85E5AA1AEBC2486C1 /* PXFailureInfo.m in Sources */,
				685F0157B42DE4C922DE79FF /* PXContinuation.m in Sources */,
				685F08FC8595EBAF21F87257 /* PXExpression+PXExpressionHelpers.m in Sources */,
				685F047123BA30976C499155 /* PXDebugContext.m in Sources */,
				685F08040F8A84EBC4FF3BE7 /* PXFunction.m in Sources */,
				685F075FDFEF36544C3FD1CF /* PXArgument.m in Sources */,
				685F07440F6393FDA6D0B729 /* PXBuiltin.m in Sources */,
				685F013BFC87A10355847631 /* PXDefaultBuiltins.m in Sources */,
				685F03F1C2B8FADCA7933DD8 /* PXParser.m in Sources */,
				685F0BDAAFE3C69F88C675E1 /* NSArray+PXArrayExtensions.m in Sources */,
				685F0300BFC6ADFCEAEB94F0 /* PXTaskPane.m in Sources */,
				685F09583AA462A23AC45002 /* PXCodeEditor.m in Sources */,
				685F047CD9AA0A972C6F97F1 /* PXTaskGroup.m in Sources */,
				685F0295A54062257D32E9C6 /* PXTaskGroupView.m in Sources */,
				685F0403F87A5081A5047B3D /* PXTestTaskGroup.m in Sources */,
				685F021C8F42642B8E1D5852 /* PXTaskProvider.m in Sources */,
				685F0A755E32B856269A677E /* PXExpressionView.m in Sources */,
				685F0B38BC7B5481884C2519 /* PXHoleView.m in Sources */,
				685F044377ABF16E5E386965 /* PXConstantExpressionView.m in Sources */,
				685F089BDBE504655B1D0599 /* UIColor+PXColor.m in Sources */,
				685F0167C03BD5E049BCC3B2 /* PXIdentifierExpressionView.m in Sources */,
				685F05643683AB1607208C14 /* PXAssignmentExpressionView.m in Sources */,
				685F06A93D879BD1A8C1F07B /* PXWhileExpressionView.m in Sources */,
				685F0A9029AF118758576451 /* PXCompoundExpressionView.m in Sources */,
				685F054D61E0F38AF4B832E5 /* PXCallExpression.m in Sources */,
				685F01E6CA60878AE7B2BD62 /* PXWhileExpression.m in Sources */,
				685F0B5FAFE62EA521D5BF3F /* PXCompoundExpression.m in Sources */,
				685F0079CA340C26904FFD21 /* PXConstantExpression.m in Sources */,
				685F09A3A52FF7FD1F9A27C4 /* PXAssignmentExpression.m in Sources */,
				685F03380A12E60B73E0EE28 /* PXIdentifierExpression.m in Sources */,
				685F0D2DF49924F10703B091 /* PXConditionalExpression.m in Sources */,
			);
			runOnlyForDeploymentPostprocessing = 0;
		};
		685F0B4EBB36219D9B595350 /* Sources */ = {
			isa = PBXSourcesBuildPhase;
			buildActionMask = 2147483647;
			files = (
				685F0A14649EB926002E365F /* main.m in Sources */,
				685F026BD8C743A999BB0607 /* AppDelegate.m in Sources */,
				685F0BFF0EC834A4C20D0BFE /* PXExecutionResult.m in Sources */,
				685F0E89D63A383A5679B58E /* PXExecutionContext.m in Sources */,
				685F04E5A4211AAB112EBF57 /* PXExpression.m in Sources */,
				685F0E235528A21F6470774F /* PXValue.m in Sources */,
				685F0B255273482D6248E508 /* PXHole.m in Sources */,
				685F09DAEA00E23D316B3637 /* PXFailureInfo.m in Sources */,
				685F0C0161DDF20C77FF3B2F /* PXContinuation.m in Sources */,
				685F085926DD2847C9387121 /* PXExpression+PXExpressionHelpers.m in Sources */,
				685F07B19746B8B4A0741AD5 /* PXDebugContext.m in Sources */,
				685F0444AC8E1CCB3E357C54 /* PXFunction.m in Sources */,
				685F0EAAEA1D31F1E3DABEE7 /* PXArgument.m in Sources */,
				685F0786CF3B6EE1BBF69A8B /* PXBuiltin.m in Sources */,
				685F0B6FCF5EA324ACE8219B /* PXDefaultBuiltins.m in Sources */,
				685F010A2C98B2C347CBDB0A /* PXParser.m in Sources */,
				685F01AE183FB9C202858D8F /* NSArray+PXArrayExtensions.m in Sources */,
				685F091E1580B028EB5D5824 /* PXEditCodeViewController.m in Sources */,
				685F0287F8DA8A6B43123F78 /* PXTaskPane.m in Sources */,
				685F0F19FA8662E3600ABD43 /* PXCodeEditor.m in Sources */,
				685F03F1CCB7BA985079CD87 /* PXTaskGroup.m in Sources */,
				685F04FE35E539DA109666CC /* PXTaskGroupView.m in Sources */,
				685F0B2F8764D56414A1D213 /* PXTestTaskGroup.m in Sources */,
				685F05326C412F0BF7663A79 /* PXTaskProvider.m in Sources */,
				685F06EF9ABDACA7D0CDA092 /* PXExpressionView.m in Sources */,
				685F064EFB4E7869D9887E67 /* PXHoleView.m in Sources */,
				685F0FC7888E975E80AAFE30 /* PXConstantExpressionView.m in Sources */,
				685F048BA7CE96F0D46AAF5F /* UIColor+PXColor.m in Sources */,
				685F0C4514760500E81DC982 /* PXIdentifierExpressionView.m in Sources */,
				685F00C82E922FD656BB7DBC /* PXAssignmentExpressionView.m in Sources */,
				685F088DC8DD790F6C14EFCA /* PXWhileExpressionView.m in Sources */,
				685F0BABE474FE9FD6D6747F /* PXCompoundExpressionView.m in Sources */,
				685F07A55380988CC25784AD /* PXCallExpression.m in Sources */,
				685F08143E2FA8AC62B14CEA /* PXWhileExpression.m in Sources */,
				685F0EA45017239FEF6229AE /* PXCompoundExpression.m in Sources */,
				685F02D669B3490C4ABBA021 /* PXConstantExpression.m in Sources */,
				685F0F5EBF0A307C9A253427 /* PXAssignmentExpression.m in Sources */,
				685F0930217BB29E42D734EB /* PXIdentifierExpression.m in Sources */,
				685F087C0402CC099F4F2365 /* PXConditionalExpression.m in Sources */,
			);
			runOnlyForDeploymentPostprocessing = 0;
		};
/* End PBXSourcesBuildPhase section */

/* Begin PBXTargetDependency section */
		685F036A58F8030971846E49 /* PBXTargetDependency */ = {
			isa = PBXTargetDependency;
			target = 685F02E269A377EA5FFB9D47 /* Praxis */;
			targetProxy = 685F087F855F088ED7F0CD58 /* PBXContainerItemProxy */;
		};
/* End PBXTargetDependency section */

/* Begin PBXVariantGroup section */
		685F0CBE3D7B7EEB1806D230 /* LaunchScreen.xib */ = {
			isa = PBXVariantGroup;
			children = (
				685F0A425B067340BF807E50 /* Base */,
			);
			name = LaunchScreen.xib;
			sourceTree = "<group>";
		};
/* End PBXVariantGroup section */

/* Begin XCBuildConfiguration section */
		685F027BBE7B7AD963273419 /* Release */ = {
			isa = XCBuildConfiguration;
			buildSettings = {
				ALWAYS_SEARCH_USER_PATHS = NO;
				CLANG_CXX_LANGUAGE_STANDARD = "gnu++0x";
				CLANG_CXX_LIBRARY = "libc++";
				CLANG_ENABLE_MODULES = YES;
				CLANG_ENABLE_OBJC_ARC = YES;
				CLANG_WARN_BOOL_CONVERSION = YES;
				CLANG_WARN_CONSTANT_CONVERSION = YES;
				CLANG_WARN_DIRECT_OBJC_ISA_USAGE = YES_ERROR;
				CLANG_WARN_EMPTY_BODY = YES;
				CLANG_WARN_ENUM_CONVERSION = YES;
				CLANG_WARN_INT_CONVERSION = YES;
				CLANG_WARN_OBJC_ROOT_CLASS = YES_ERROR;
				CLANG_WARN_UNREACHABLE_CODE = YES;
				CLANG_WARN__DUPLICATE_METHOD_MATCH = YES;
				"CODE_SIGN_IDENTITY[sdk=iphoneos*]" = "iPhone Developer";
				COPY_PHASE_STRIP = YES;
				ENABLE_NS_ASSERTIONS = NO;
				ENABLE_STRICT_OBJC_MSGSEND = YES;
				GCC_C_LANGUAGE_STANDARD = gnu99;
				GCC_WARN_64_TO_32_BIT_CONVERSION = YES;
				GCC_WARN_ABOUT_RETURN_TYPE = YES_ERROR;
				GCC_WARN_UNDECLARED_SELECTOR = NO;
				GCC_WARN_UNINITIALIZED_AUTOS = YES_AGGRESSIVE;
				GCC_WARN_UNUSED_FUNCTION = YES;
				GCC_WARN_UNUSED_VARIABLE = YES;
				IPHONEOS_DEPLOYMENT_TARGET = 8.1;
				MTL_ENABLE_DEBUG_INFO = NO;
				SDKROOT = iphoneos;
				TARGETED_DEVICE_FAMILY = 2;
				VALIDATE_PRODUCT = YES;
			};
			name = Release;
		};
		685F032D6CB02091AFA0F400 /* Release */ = {
			isa = XCBuildConfiguration;
			baseConfigurationReference = C223D34562AF59EA84A1D564 /* Pods-Praxis.release.xcconfig */;
			buildSettings = {
				ASSETCATALOG_COMPILER_APPICON_NAME = AppIcon;
				INFOPLIST_FILE = Praxis/Info.plist;
				LD_RUNPATH_SEARCH_PATHS = "$(inherited) @executable_path/Frameworks";
				OTHER_CFLAGS = "";
				PRODUCT_NAME = "$(TARGET_NAME)";
				USER_HEADER_SEARCH_PATHS = "\"${PROJECT_DIR}/Pods\"/**";
			};
			name = Release;
		};
		685F04492CC4E6079E0CFC7D /* Debug */ = {
			isa = XCBuildConfiguration;
			baseConfigurationReference = 4AC0A2786ADC51368A00ABAE /* Pods-Praxis.debug.xcconfig */;
			buildSettings = {
				ASSETCATALOG_COMPILER_APPICON_NAME = AppIcon;
				INFOPLIST_FILE = Praxis/Info.plist;
				LD_RUNPATH_SEARCH_PATHS = "$(inherited) @executable_path/Frameworks";
				OTHER_CFLAGS = "";
				PRODUCT_NAME = "$(TARGET_NAME)";
				USER_HEADER_SEARCH_PATHS = "\"${PROJECT_DIR}/Pods\"/**";
			};
			name = Debug;
		};
		685F0BF57EBC4369342CB628 /* Release */ = {
			isa = XCBuildConfiguration;
			baseConfigurationReference = 0D20F231894F9B3FA19DB150 /* Pods-PraxisTests.release.xcconfig */;
			buildSettings = {
				BUNDLE_LOADER = "$(BUILT_PRODUCTS_DIR)/Praxis.app/Praxis";
				FRAMEWORK_SEARCH_PATHS = (
					"$(SDKROOT)/Developer/Library/Frameworks",
					"$(inherited)",
				);
				INFOPLIST_FILE = PraxisTests/Info.plist;
				LD_RUNPATH_SEARCH_PATHS = "$(inherited) @executable_path/Frameworks @loader_path/Frameworks";
				PRODUCT_NAME = "$(TARGET_NAME)";
				TEST_HOST = "$(BUNDLE_LOADER)";
			};
			name = Release;
		};
		685F0D4892B9E9FEAA9D96BF /* Debug */ = {
			isa = XCBuildConfiguration;
			baseConfigurationReference = 43B5DE3EA647984EDE71F4F7 /* Pods-PraxisTests.debug.xcconfig */;
			buildSettings = {
				BUNDLE_LOADER = "$(BUILT_PRODUCTS_DIR)/Praxis.app/Praxis";
				FRAMEWORK_SEARCH_PATHS = (
					"$(SDKROOT)/Developer/Library/Frameworks",
					"$(inherited)",
				);
				INFOPLIST_FILE = PraxisTests/Info.plist;
				LD_RUNPATH_SEARCH_PATHS = "$(inherited) @executable_path/Frameworks @loader_path/Frameworks";
				PRODUCT_NAME = "$(TARGET_NAME)";
				TEST_HOST = "$(BUNDLE_LOADER)";
			};
			name = Debug;
		};
		685F0DE753B3B28267C9917F /* Debug */ = {
			isa = XCBuildConfiguration;
			buildSettings = {
				ALWAYS_SEARCH_USER_PATHS = NO;
				CLANG_CXX_LANGUAGE_STANDARD = "gnu++0x";
				CLANG_CXX_LIBRARY = "libc++";
				CLANG_ENABLE_MODULES = YES;
				CLANG_ENABLE_OBJC_ARC = YES;
				CLANG_WARN_BOOL_CONVERSION = YES;
				CLANG_WARN_CONSTANT_CONVERSION = YES;
				CLANG_WARN_DIRECT_OBJC_ISA_USAGE = YES_ERROR;
				CLANG_WARN_EMPTY_BODY = YES;
				CLANG_WARN_ENUM_CONVERSION = YES;
				CLANG_WARN_INT_CONVERSION = YES;
				CLANG_WARN_OBJC_ROOT_CLASS = YES_ERROR;
				CLANG_WARN_UNREACHABLE_CODE = YES;
				CLANG_WARN__DUPLICATE_METHOD_MATCH = YES;
				"CODE_SIGN_IDENTITY[sdk=iphoneos*]" = "iPhone Developer";
				COPY_PHASE_STRIP = NO;
				ENABLE_STRICT_OBJC_MSGSEND = YES;
				GCC_C_LANGUAGE_STANDARD = gnu99;
				GCC_DYNAMIC_NO_PIC = NO;
				GCC_OPTIMIZATION_LEVEL = 0;
				GCC_PREPROCESSOR_DEFINITIONS = (
					"DEBUG=1",
					"$(inherited)",
				);
				GCC_SYMBOLS_PRIVATE_EXTERN = NO;
				GCC_WARN_64_TO_32_BIT_CONVERSION = YES;
				GCC_WARN_ABOUT_RETURN_TYPE = YES_ERROR;
				GCC_WARN_UNDECLARED_SELECTOR = NO;
				GCC_WARN_UNINITIALIZED_AUTOS = YES_AGGRESSIVE;
				GCC_WARN_UNUSED_FUNCTION = YES;
				GCC_WARN_UNUSED_VARIABLE = YES;
				IPHONEOS_DEPLOYMENT_TARGET = 8.1;
				MTL_ENABLE_DEBUG_INFO = YES;
				ONLY_ACTIVE_ARCH = YES;
				SDKROOT = iphoneos;
				TARGETED_DEVICE_FAMILY = 2;
			};
			name = Debug;
		};
/* End XCBuildConfiguration section */

/* Begin XCConfigurationList section */
		685F0560DF611F559747851A /* Build configuration list for PBXNativeTarget "PraxisTests" */ = {
			isa = XCConfigurationList;
			buildConfigurations = (
				685F0D4892B9E9FEAA9D96BF /* Debug */,
				685F0BF57EBC4369342CB628 /* Release */,
			);
			defaultConfigurationIsVisible = 0;
			defaultConfigurationName = Release;
		};
		685F0BD496F25EE5D88315D0 /* Build configuration list for PBXProject "Praxis" */ = {
			isa = XCConfigurationList;
			buildConfigurations = (
				685F0DE753B3B28267C9917F /* Debug */,
				685F027BBE7B7AD963273419 /* Release */,
			);
			defaultConfigurationIsVisible = 0;
			defaultConfigurationName = Release;
		};
		685F0D8124550A44BA7AA3F5 /* Build configuration list for PBXNativeTarget "Praxis" */ = {
			isa = XCConfigurationList;
			buildConfigurations = (
				685F04492CC4E6079E0CFC7D /* Debug */,
				685F032D6CB02091AFA0F400 /* Release */,
			);
			defaultConfigurationIsVisible = 0;
			defaultConfigurationName = Release;
		};
/* End XCConfigurationList section */
	};
	rootObject = 685F002780202AD035BEB56D /* Project object */;
}
